
Microsoft Visual Studio Solution File, Format Version 12.00
# Visual Studio Version 17
VisualStudioVersion = 17.3.32929.385
MinimumVisualStudioVersion = 10.0.40219.1
Project("{FAE04EC0-301F-11D3-BF4B-00C04F79EFBC}") = "Lab1", "Lab1\Lab1.csproj", "{07AB0D69-E06F-4A31-9BD5-82DBD72337C8}"
EndProject
Project("{FAE04EC0-301F-11D3-BF4B-00C04F79EFBC}") = "Lab2ver2", "Lab2ver2\Lab2ver2.csproj", "{C5FD5DCD-AB5B-4F1A-84D6-D17860CBDA56}"
EndProject
Global
	GlobalSection(SolutionConfigurationPlatforms) = preSolution
		Debug|Any CPU = Debug|Any CPU
		Release|Any CPU = Release|Any CPU
	EndGlobalSection
	GlobalSection(ProjectConfigurationPlatforms) = postSolution
		{07AB0D69-E06F-4A31-9BD5-82DBD72337C8}.Debug|Any CPU.ActiveCfg = Debug|Any CPU
		{07AB0D69-E06F-4A31-9BD5-82DBD72337C8}.Debug|Any CPU.Build.0 = Debug|Any CPU
		{07AB0D69-E06F-4A31-9BD5-82DBD72337C8}.Release|Any CPU.ActiveCfg = Release|Any CPU
		{07AB0D69-E06F-4A31-9BD5-82DBD72337C8}.Release|Any CPU.Build.0 = Release|Any CPU
		{C5FD5DCD-AB5B-4F1A-84D6-D17860CBDA56}.Debug|Any CPU.ActiveCfg = Debug|Any CPU
		{C5FD5DCD-AB5B-4F1A-84D6-D17860CBDA56}.Debug|Any CPU.Build.0 = Debug|Any CPU
		{C5FD5DCD-AB5B-4F1A-84D6-D17860CBDA56}.Release|Any CPU.ActiveCfg = Release|Any CPU
		{C5FD5DCD-AB5B-4F1A-84D6-D17860CBDA56}.Release|Any CPU.Build.0 = Release|Any CPU
	EndGlobalSection
	GlobalSection(SolutionProperties) = preSolution
		HideSolutionNode = FALSE
	EndGlobalSection
	GlobalSection(ExtensibilityGlobals) = postSolution
		SolutionGuid = {AD9EFD00-2CCD-41CC-A29B-7468AD22B02B}
	EndGlobalSection
EndGlobal
